
Microsoft Visual Studio Solution File, Format Version 12.00
# Visual Studio Version 17
VisualStudioVersion = 17.8.34330.188
MinimumVisualStudioVersion = 10.0.40219.1
Project("{FAE04EC0-301F-11D3-BF4B-00C04F79EFBC}") = "CustomerManagement", "CustomerManagement\CustomerManagement.csproj", "{8EBEDD04-49FE-42AC-B8BA-E96929FDF5FC}"
EndProject
Project("{FAE04EC0-301F-11D3-BF4B-00C04F79EFBC}") = "CustomerTestProject1", "CustomerTestProject1\CustomerTestProject1.csproj", "{579A457F-1E87-4C2D-BD9B-39EBE4AE81F4}"
EndProject
Global
	GlobalSection(SolutionConfigurationPlatforms) = preSolution
		Debug|Any CPU = Debug|Any CPU
		Release|Any CPU = Release|Any CPU
	EndGlobalSection
	GlobalSection(ProjectConfigurationPlatforms) = postSolution
		{8EBEDD04-49FE-42AC-B8BA-E96929FDF5FC}.Debug|Any CPU.ActiveCfg = Debug|Any CPU
		{8EBEDD04-49FE-42AC-B8BA-E96929FDF5FC}.Debug|Any CPU.Build.0 = Debug|Any CPU
		{8EBEDD04-49FE-42AC-B8BA-E96929FDF5FC}.Release|Any CPU.ActiveCfg = Release|Any CPU
		{8EBEDD04-49FE-42AC-B8BA-E96929FDF5FC}.Release|Any CPU.Build.0 = Release|Any CPU
		{579A457F-1E87-4C2D-BD9B-39EBE4AE81F4}.Debug|Any CPU.ActiveCfg = Debug|Any CPU
		{579A457F-1E87-4C2D-BD9B-39EBE4AE81F4}.Debug|Any CPU.Build.0 = Debug|Any CPU
		{579A457F-1E87-4C2D-BD9B-39EBE4AE81F4}.Release|Any CPU.ActiveCfg = Release|Any CPU
		{579A457F-1E87-4C2D-BD9B-39EBE4AE81F4}.Release|Any CPU.Build.0 = Release|Any CPU
	EndGlobalSection
	GlobalSection(SolutionProperties) = preSolution
		HideSolutionNode = FALSE
	EndGlobalSection
	GlobalSection(ExtensibilityGlobals) = postSolution
		SolutionGuid = {C5C1ED3A-0867-46A3-B34C-D0170BBE2F8B}
	EndGlobalSection
EndGlobal
