
Microsoft Visual Studio Solution File, Format Version 12.00
# Visual Studio Version 17
VisualStudioVersion = 17.8.34330.188
MinimumVisualStudioVersion = 10.0.40219.1
Project("{FAE04EC0-301F-11D3-BF4B-00C04F79EFBC}") = "Bank", "Bank.csproj", "{EA83ACD9-E684-42DD-877B-9072A2FB4BA7}"
EndProject
Project("{FAE04EC0-301F-11D3-BF4B-00C04F79EFBC}") = "TestProject1", "..\TestProject1\TestProject1.csproj", "{82AB8687-089D-4402-AB52-4F48C7BE0FD6}"
EndProject
Global
	GlobalSection(SolutionConfigurationPlatforms) = preSolution
		Debug|Any CPU = Debug|Any CPU
		Release|Any CPU = Release|Any CPU
	EndGlobalSection
	GlobalSection(ProjectConfigurationPlatforms) = postSolution
		{EA83ACD9-E684-42DD-877B-9072A2FB4BA7}.Debug|Any CPU.ActiveCfg = Debug|Any CPU
		{EA83ACD9-E684-42DD-877B-9072A2FB4BA7}.Debug|Any CPU.Build.0 = Debug|Any CPU
		{EA83ACD9-E684-42DD-877B-9072A2FB4BA7}.Release|Any CPU.ActiveCfg = Release|Any CPU
		{EA83ACD9-E684-42DD-877B-9072A2FB4BA7}.Release|Any CPU.Build.0 = Release|Any CPU
		{82AB8687-089D-4402-AB52-4F48C7BE0FD6}.Debug|Any CPU.ActiveCfg = Debug|Any CPU
		{82AB8687-089D-4402-AB52-4F48C7BE0FD6}.Debug|Any CPU.Build.0 = Debug|Any CPU
		{82AB8687-089D-4402-AB52-4F48C7BE0FD6}.Release|Any CPU.ActiveCfg = Release|Any CPU
		{82AB8687-089D-4402-AB52-4F48C7BE0FD6}.Release|Any CPU.Build.0 = Release|Any CPU
	EndGlobalSection
	GlobalSection(SolutionProperties) = preSolution
		HideSolutionNode = FALSE
	EndGlobalSection
	GlobalSection(ExtensibilityGlobals) = postSolution
		SolutionGuid = {D7BD1AE5-5FC7-4815-9B93-A93A03A1AFE6}
	EndGlobalSection
EndGlobal
