
Microsoft Visual Studio Solution File, Format Version 12.00
# Visual Studio Version 17
VisualStudioVersion = 17.5.002.0
MinimumVisualStudioVersion = 10.0.40219.1
Project("{9A19103F-16F7-4668-BE54-9A1E7A4F7556}") = "Hospital Management System", "Hospital Management System.csproj", "{FCD8B8F5-9C8D-474E-B6B0-70FFAF6097C0}"
EndProject
Global
	GlobalSection(SolutionConfigurationPlatforms) = preSolution
		Debug|Any CPU = Debug|Any CPU
		Release|Any CPU = Release|Any CPU
	EndGlobalSection
	GlobalSection(ProjectConfigurationPlatforms) = postSolution
		{FCD8B8F5-9C8D-474E-B6B0-70FFAF6097C0}.Debug|Any CPU.ActiveCfg = Debug|Any CPU
		{FCD8B8F5-9C8D-474E-B6B0-70FFAF6097C0}.Debug|Any CPU.Build.0 = Debug|Any CPU
		{FCD8B8F5-9C8D-474E-B6B0-70FFAF6097C0}.Release|Any CPU.ActiveCfg = Release|Any CPU
		{FCD8B8F5-9C8D-474E-B6B0-70FFAF6097C0}.Release|Any CPU.Build.0 = Release|Any CPU
	EndGlobalSection
	GlobalSection(SolutionProperties) = preSolution
		HideSolutionNode = FALSE
	EndGlobalSection
	GlobalSection(ExtensibilityGlobals) = postSolution
		SolutionGuid = {D5039CB2-89B8-4F61-83F8-E9CB9B805161}
	EndGlobalSection
EndGlobal
