
Microsoft Visual Studio Solution File, Format Version 12.00
# Visual Studio Version 17
VisualStudioVersion = 17.5.002.0
MinimumVisualStudioVersion = 10.0.40219.1
Project("{9A19103F-16F7-4668-BE54-9A1E7A4F7556}") = "Chain of Responsibility", "Chain of Responsibility.csproj", "{37C7BBCD-BFFF-4109-8920-AA77F419A0E2}"
EndProject
Global
	GlobalSection(SolutionConfigurationPlatforms) = preSolution
		Debug|Any CPU = Debug|Any CPU
		Release|Any CPU = Release|Any CPU
	EndGlobalSection
	GlobalSection(ProjectConfigurationPlatforms) = postSolution
		{37C7BBCD-BFFF-4109-8920-AA77F419A0E2}.Debug|Any CPU.ActiveCfg = Debug|Any CPU
		{37C7BBCD-BFFF-4109-8920-AA77F419A0E2}.Debug|Any CPU.Build.0 = Debug|Any CPU
		{37C7BBCD-BFFF-4109-8920-AA77F419A0E2}.Release|Any CPU.ActiveCfg = Release|Any CPU
		{37C7BBCD-BFFF-4109-8920-AA77F419A0E2}.Release|Any CPU.Build.0 = Release|Any CPU
	EndGlobalSection
	GlobalSection(SolutionProperties) = preSolution
		HideSolutionNode = FALSE
	EndGlobalSection
	GlobalSection(ExtensibilityGlobals) = postSolution
		SolutionGuid = {5338AE0E-0789-47DA-B7DB-EB94DE3A8B2B}
	EndGlobalSection
EndGlobal
