
Microsoft Visual Studio Solution File, Format Version 12.00
# Visual Studio Version 17
VisualStudioVersion = 17.5.002.0
MinimumVisualStudioVersion = 10.0.40219.1
Project("{9A19103F-16F7-4668-BE54-9A1E7A4F7556}") = "Property dependency injection", "Property dependency injection.csproj", "{E8E56C23-380C-4C6C-B441-98B6F5A29111}"
EndProject
Global
	GlobalSection(SolutionConfigurationPlatforms) = preSolution
		Debug|Any CPU = Debug|Any CPU
		Release|Any CPU = Release|Any CPU
	EndGlobalSection
	GlobalSection(ProjectConfigurationPlatforms) = postSolution
		{E8E56C23-380C-4C6C-B441-98B6F5A29111}.Debug|Any CPU.ActiveCfg = Debug|Any CPU
		{E8E56C23-380C-4C6C-B441-98B6F5A29111}.Debug|Any CPU.Build.0 = Debug|Any CPU
		{E8E56C23-380C-4C6C-B441-98B6F5A29111}.Release|Any CPU.ActiveCfg = Release|Any CPU
		{E8E56C23-380C-4C6C-B441-98B6F5A29111}.Release|Any CPU.Build.0 = Release|Any CPU
	EndGlobalSection
	GlobalSection(SolutionProperties) = preSolution
		HideSolutionNode = FALSE
	EndGlobalSection
	GlobalSection(ExtensibilityGlobals) = postSolution
		SolutionGuid = {99ED7277-F364-49F2-BC89-C6E83C38F521}
	EndGlobalSection
EndGlobal
